{
  "originHash" : "8c909a49b03316b040ec3c6c0e4115cdcc70cb637474ea5c99d293d21e951c9e",
  "pins" : [
    {
      "identity" : "swift-argument-parser",
      "kind" : "remoteSourceControl",
      "location" : "https://github.com/apple/swift-argument-parser",
      "state" : {
        "revision" : "c5d11a805e765f52ba34ec7284bd4fcd6ba68615",
        "version" : "1.7.0"
      }
    },
    {
      "identity" : "swiftterm",
      "kind" : "remoteSourceControl",
      "location" : "https://github.com/trsdn/SwiftTerm",
      "state" : {
        "branch" : "main",
        "revision" : "dcb605339c950178e9f1172e261d8ad4e7b067ec"
      }
    }
  ],
  "version" : 3
}
